
Microsoft Visual Studio Solution File, Format Version 11.00
# Visual Studio 2010
Project("{FAE04EC0-301F-11D3-BF4B-00C04F79EFBC}") = "ProcStub", "ProcStub\ProcStub.csproj", "{951A11BF-18E5-4F72-AC9D-E9AF9C5377AC}"
EndProject
Project("{FAE04EC0-301F-11D3-BF4B-00C04F79EFBC}") = "ProcStub.Showcase", "ProcStub.Showcase\ProcStub.Showcase.csproj", "{958F4CB5-95CA-4D6B-B43E-24AADFD6E631}"
EndProject
Global
	GlobalSection(SolutionConfigurationPlatforms) = preSolution
		Debug|Any CPU = Debug|Any CPU
		Debug|Mixed Platforms = Debug|Mixed Platforms
		Debug|x86 = Debug|x86
		Release|Any CPU = Release|Any CPU
		Release|Mixed Platforms = Release|Mixed Platforms
		Release|x86 = Release|x86
	EndGlobalSection
	GlobalSection(ProjectConfigurationPlatforms) = postSolution
		{951A11BF-18E5-4F72-AC9D-E9AF9C5377AC}.Debug|Any CPU.ActiveCfg = Debug|Any CPU
		{951A11BF-18E5-4F72-AC9D-E9AF9C5377AC}.Debug|Any CPU.Build.0 = Debug|Any CPU
		{951A11BF-18E5-4F72-AC9D-E9AF9C5377AC}.Debug|Mixed Platforms.ActiveCfg = Debug|Any CPU
		{951A11BF-18E5-4F72-AC9D-E9AF9C5377AC}.Debug|Mixed Platforms.Build.0 = Debug|Any CPU
		{951A11BF-18E5-4F72-AC9D-E9AF9C5377AC}.Debug|x86.ActiveCfg = Debug|Any CPU
		{951A11BF-18E5-4F72-AC9D-E9AF9C5377AC}.Release|Any CPU.ActiveCfg = Release|Any CPU
		{951A11BF-18E5-4F72-AC9D-E9AF9C5377AC}.Release|Any CPU.Build.0 = Release|Any CPU
		{951A11BF-18E5-4F72-AC9D-E9AF9C5377AC}.Release|Mixed Platforms.ActiveCfg = Release|Any CPU
		{951A11BF-18E5-4F72-AC9D-E9AF9C5377AC}.Release|Mixed Platforms.Build.0 = Release|Any CPU
		{951A11BF-18E5-4F72-AC9D-E9AF9C5377AC}.Release|x86.ActiveCfg = Release|Any CPU
		{958F4CB5-95CA-4D6B-B43E-24AADFD6E631}.Debug|Any CPU.ActiveCfg = Debug|x86
		{958F4CB5-95CA-4D6B-B43E-24AADFD6E631}.Debug|Mixed Platforms.ActiveCfg = Debug|x86
		{958F4CB5-95CA-4D6B-B43E-24AADFD6E631}.Debug|Mixed Platforms.Build.0 = Debug|x86
		{958F4CB5-95CA-4D6B-B43E-24AADFD6E631}.Debug|x86.ActiveCfg = Debug|x86
		{958F4CB5-95CA-4D6B-B43E-24AADFD6E631}.Debug|x86.Build.0 = Debug|x86
		{958F4CB5-95CA-4D6B-B43E-24AADFD6E631}.Release|Any CPU.ActiveCfg = Release|x86
		{958F4CB5-95CA-4D6B-B43E-24AADFD6E631}.Release|Mixed Platforms.ActiveCfg = Release|x86
		{958F4CB5-95CA-4D6B-B43E-24AADFD6E631}.Release|Mixed Platforms.Build.0 = Release|x86
		{958F4CB5-95CA-4D6B-B43E-24AADFD6E631}.Release|x86.ActiveCfg = Release|x86
		{958F4CB5-95CA-4D6B-B43E-24AADFD6E631}.Release|x86.Build.0 = Release|x86
	EndGlobalSection
	GlobalSection(SolutionProperties) = preSolution
		HideSolutionNode = FALSE
	EndGlobalSection
EndGlobal
